
Microsoft Visual Studio Solution File, Format Version 12.00
# Visual Studio 12
VisualStudioVersion = 12.0.25123.0
MinimumVisualStudioVersion = 10.0.40219.1
Project("{8BC9CEB8-8B4A-11D0-8D11-00A0C91BC942}") = "RKDG-1D - studio2013", "RKDG-1D - studio2013.vcxproj", "{04270227-9229-4B01-8E64-5836D9CC880B}"
EndProject
Global
	GlobalSection(SolutionConfigurationPlatforms) = preSolution
		Debug|x86 = Debug|x86
		Release|x86 = Release|x86
	EndGlobalSection
	GlobalSection(ProjectConfigurationPlatforms) = postSolution
		{04270227-9229-4B01-8E64-5836D9CC880B}.Debug|x86.ActiveCfg = Debug|Win32
		{04270227-9229-4B01-8E64-5836D9CC880B}.Debug|x86.Build.0 = Debug|Win32
		{04270227-9229-4B01-8E64-5836D9CC880B}.Release|x86.ActiveCfg = Release|Win32
		{04270227-9229-4B01-8E64-5836D9CC880B}.Release|x86.Build.0 = Release|Win32
	EndGlobalSection
	GlobalSection(SolutionProperties) = preSolution
		HideSolutionNode = FALSE
	EndGlobalSection
EndGlobal
